
Microsoft Visual Studio Solution File, Format Version 12.00
Project("{FAE04EC0-301F-11D3-BF4B-00C04F79EFBC}") = "HostServer", "HostServer\HostServer.csproj", "{73521A94-AC73-49F2-A983-FBAB623BB559}"
EndProject
Project("{2150E333-8FDC-42A3-9474-1A3956D46DE8}") = "Documents", "Documents", "{C3E5A67E-88F7-4903-9A0D-AEFFAD41D29C}"
ProjectSection(SolutionItems) = preProject
	Design.md = Design.md
EndProjectSection
EndProject
Project("{FAE04EC0-301F-11D3-BF4B-00C04F79EFBC}") = "SharedApi", "SharedApi\SharedApi.csproj", "{B1DE530F-D1FA-469C-AB54-D381DA9A6388}"
EndProject
Project("{FAE04EC0-301F-11D3-BF4B-00C04F79EFBC}") = "LightsServer", "LightsServer\LightsServer.csproj", "{CE3A5D36-99D9-4318-B86C-932BB6F4C12C}"
EndProject
Project("{FAE04EC0-301F-11D3-BF4B-00C04F79EFBC}") = "Client", "Client\Client.csproj", "{EC07ECCC-3FEE-4BD6-93CF-62A6329D1081}"
EndProject
Project("{FAE04EC0-301F-11D3-BF4B-00C04F79EFBC}") = "LightsClient", "LightsClient\LightsClient.csproj", "{C4E61AC1-06EF-485C-9131-7F013FFCEFF4}"
EndProject
Project("{FAE04EC0-301F-11D3-BF4B-00C04F79EFBC}") = "LightsShared", "LightsShared\LightsShared.csproj", "{78309A60-B537-47C8-91A8-69351159882F}"
EndProject
Project("{2150E333-8FDC-42A3-9474-1A3956D46DE8}") = "Framework", "Framework", "{772B33EB-952A-405A-8649-9172F2BA0BF7}"
EndProject
Project("{2150E333-8FDC-42A3-9474-1A3956D46DE8}") = "Lighting", "Lighting", "{35B306D0-10E5-433D-B71E-1F773AB382A2}"
EndProject
Project("{FAE04EC0-301F-11D3-BF4B-00C04F79EFBC}") = "LightsConsole", "LightsConsole\LightsConsole.csproj", "{8DA31931-DABC-4FD5-BB01-3996E7FD5684}"
EndProject
Project("{2150E333-8FDC-42A3-9474-1A3956D46DE8}") = "Events", "Events", "{ED8B899C-FE6C-4090-AF75-5861685ACD32}"
EndProject
Project("{2150E333-8FDC-42A3-9474-1A3956D46DE8}") = "Devices", "Devices", "{EA6D17B8-75DD-4761-BAC7-850F43CC5CDA}"
EndProject
Project("{FAE04EC0-301F-11D3-BF4B-00C04F79EFBC}") = "EventsApi", "EventsApi\EventsApi.csproj", "{1D30A3A2-F98E-4902-8B6E-5869D9CD1AB9}"
EndProject
Project("{FAE04EC0-301F-11D3-BF4B-00C04F79EFBC}") = "EventsServer", "EventsServer\EventsServer.csproj", "{FB208181-2F9B-4FD0-B3ED-D4343F5722B9}"
EndProject
Project("{FAE04EC0-301F-11D3-BF4B-00C04F79EFBC}") = "EventsClient", "EventsClient\EventsClient.csproj", "{85609C1B-6464-4BBC-B481-F7F0F758B703}"
EndProject
Project("{FAE04EC0-301F-11D3-BF4B-00C04F79EFBC}") = "DevicesApi", "DevicesApi\DevicesApi.csproj", "{9155257A-70D5-4549-95CE-40941E763243}"
EndProject
Project("{FAE04EC0-301F-11D3-BF4B-00C04F79EFBC}") = "DevicesClient", "DevicesClient\DevicesClient.csproj", "{5B0D9659-F64F-4B33-8B53-57643CF738A7}"
EndProject
Project("{FAE04EC0-301F-11D3-BF4B-00C04F79EFBC}") = "DevicesServer", "DevicesServer\DevicesServer.csproj", "{1458C943-4366-4448-B622-9E4E593F912A}"
EndProject
Global
	GlobalSection(SolutionConfigurationPlatforms) = preSolution
		Debug|Any CPU = Debug|Any CPU
		Release|Any CPU = Release|Any CPU
	EndGlobalSection
	GlobalSection(ProjectConfigurationPlatforms) = postSolution
		{73521A94-AC73-49F2-A983-FBAB623BB559}.Debug|Any CPU.ActiveCfg = Debug|Any CPU
		{73521A94-AC73-49F2-A983-FBAB623BB559}.Debug|Any CPU.Build.0 = Debug|Any CPU
		{73521A94-AC73-49F2-A983-FBAB623BB559}.Release|Any CPU.ActiveCfg = Release|Any CPU
		{73521A94-AC73-49F2-A983-FBAB623BB559}.Release|Any CPU.Build.0 = Release|Any CPU
		{B1DE530F-D1FA-469C-AB54-D381DA9A6388}.Debug|Any CPU.ActiveCfg = Debug|Any CPU
		{B1DE530F-D1FA-469C-AB54-D381DA9A6388}.Debug|Any CPU.Build.0 = Debug|Any CPU
		{B1DE530F-D1FA-469C-AB54-D381DA9A6388}.Release|Any CPU.ActiveCfg = Release|Any CPU
		{B1DE530F-D1FA-469C-AB54-D381DA9A6388}.Release|Any CPU.Build.0 = Release|Any CPU
		{CE3A5D36-99D9-4318-B86C-932BB6F4C12C}.Debug|Any CPU.ActiveCfg = Debug|Any CPU
		{CE3A5D36-99D9-4318-B86C-932BB6F4C12C}.Debug|Any CPU.Build.0 = Debug|Any CPU
		{CE3A5D36-99D9-4318-B86C-932BB6F4C12C}.Release|Any CPU.ActiveCfg = Release|Any CPU
		{CE3A5D36-99D9-4318-B86C-932BB6F4C12C}.Release|Any CPU.Build.0 = Release|Any CPU
		{EC07ECCC-3FEE-4BD6-93CF-62A6329D1081}.Debug|Any CPU.ActiveCfg = Debug|Any CPU
		{EC07ECCC-3FEE-4BD6-93CF-62A6329D1081}.Debug|Any CPU.Build.0 = Debug|Any CPU
		{EC07ECCC-3FEE-4BD6-93CF-62A6329D1081}.Release|Any CPU.ActiveCfg = Release|Any CPU
		{EC07ECCC-3FEE-4BD6-93CF-62A6329D1081}.Release|Any CPU.Build.0 = Release|Any CPU
		{C4E61AC1-06EF-485C-9131-7F013FFCEFF4}.Debug|Any CPU.ActiveCfg = Debug|Any CPU
		{C4E61AC1-06EF-485C-9131-7F013FFCEFF4}.Debug|Any CPU.Build.0 = Debug|Any CPU
		{C4E61AC1-06EF-485C-9131-7F013FFCEFF4}.Release|Any CPU.ActiveCfg = Release|Any CPU
		{C4E61AC1-06EF-485C-9131-7F013FFCEFF4}.Release|Any CPU.Build.0 = Release|Any CPU
		{78309A60-B537-47C8-91A8-69351159882F}.Debug|Any CPU.ActiveCfg = Debug|Any CPU
		{78309A60-B537-47C8-91A8-69351159882F}.Debug|Any CPU.Build.0 = Debug|Any CPU
		{78309A60-B537-47C8-91A8-69351159882F}.Release|Any CPU.ActiveCfg = Release|Any CPU
		{78309A60-B537-47C8-91A8-69351159882F}.Release|Any CPU.Build.0 = Release|Any CPU
		{8DA31931-DABC-4FD5-BB01-3996E7FD5684}.Debug|Any CPU.ActiveCfg = Debug|Any CPU
		{8DA31931-DABC-4FD5-BB01-3996E7FD5684}.Debug|Any CPU.Build.0 = Debug|Any CPU
		{8DA31931-DABC-4FD5-BB01-3996E7FD5684}.Release|Any CPU.ActiveCfg = Release|Any CPU
		{8DA31931-DABC-4FD5-BB01-3996E7FD5684}.Release|Any CPU.Build.0 = Release|Any CPU
		{1D30A3A2-F98E-4902-8B6E-5869D9CD1AB9}.Debug|Any CPU.ActiveCfg = Debug|Any CPU
		{1D30A3A2-F98E-4902-8B6E-5869D9CD1AB9}.Debug|Any CPU.Build.0 = Debug|Any CPU
		{1D30A3A2-F98E-4902-8B6E-5869D9CD1AB9}.Release|Any CPU.ActiveCfg = Release|Any CPU
		{1D30A3A2-F98E-4902-8B6E-5869D9CD1AB9}.Release|Any CPU.Build.0 = Release|Any CPU
		{FB208181-2F9B-4FD0-B3ED-D4343F5722B9}.Debug|Any CPU.ActiveCfg = Debug|Any CPU
		{FB208181-2F9B-4FD0-B3ED-D4343F5722B9}.Debug|Any CPU.Build.0 = Debug|Any CPU
		{FB208181-2F9B-4FD0-B3ED-D4343F5722B9}.Release|Any CPU.ActiveCfg = Release|Any CPU
		{FB208181-2F9B-4FD0-B3ED-D4343F5722B9}.Release|Any CPU.Build.0 = Release|Any CPU
		{85609C1B-6464-4BBC-B481-F7F0F758B703}.Debug|Any CPU.ActiveCfg = Debug|Any CPU
		{85609C1B-6464-4BBC-B481-F7F0F758B703}.Debug|Any CPU.Build.0 = Debug|Any CPU
		{85609C1B-6464-4BBC-B481-F7F0F758B703}.Release|Any CPU.ActiveCfg = Release|Any CPU
		{85609C1B-6464-4BBC-B481-F7F0F758B703}.Release|Any CPU.Build.0 = Release|Any CPU
		{9155257A-70D5-4549-95CE-40941E763243}.Debug|Any CPU.ActiveCfg = Debug|Any CPU
		{9155257A-70D5-4549-95CE-40941E763243}.Debug|Any CPU.Build.0 = Debug|Any CPU
		{9155257A-70D5-4549-95CE-40941E763243}.Release|Any CPU.ActiveCfg = Release|Any CPU
		{9155257A-70D5-4549-95CE-40941E763243}.Release|Any CPU.Build.0 = Release|Any CPU
		{5B0D9659-F64F-4B33-8B53-57643CF738A7}.Debug|Any CPU.ActiveCfg = Debug|Any CPU
		{5B0D9659-F64F-4B33-8B53-57643CF738A7}.Debug|Any CPU.Build.0 = Debug|Any CPU
		{5B0D9659-F64F-4B33-8B53-57643CF738A7}.Release|Any CPU.ActiveCfg = Release|Any CPU
		{5B0D9659-F64F-4B33-8B53-57643CF738A7}.Release|Any CPU.Build.0 = Release|Any CPU
		{1458C943-4366-4448-B622-9E4E593F912A}.Debug|Any CPU.ActiveCfg = Debug|Any CPU
		{1458C943-4366-4448-B622-9E4E593F912A}.Debug|Any CPU.Build.0 = Debug|Any CPU
		{1458C943-4366-4448-B622-9E4E593F912A}.Release|Any CPU.ActiveCfg = Release|Any CPU
		{1458C943-4366-4448-B622-9E4E593F912A}.Release|Any CPU.Build.0 = Release|Any CPU
	EndGlobalSection
	GlobalSection(NestedProjects) = preSolution
		{EC07ECCC-3FEE-4BD6-93CF-62A6329D1081} = {772B33EB-952A-405A-8649-9172F2BA0BF7}
		{73521A94-AC73-49F2-A983-FBAB623BB559} = {772B33EB-952A-405A-8649-9172F2BA0BF7}
		{B1DE530F-D1FA-469C-AB54-D381DA9A6388} = {772B33EB-952A-405A-8649-9172F2BA0BF7}
		{C4E61AC1-06EF-485C-9131-7F013FFCEFF4} = {35B306D0-10E5-433D-B71E-1F773AB382A2}
		{CE3A5D36-99D9-4318-B86C-932BB6F4C12C} = {35B306D0-10E5-433D-B71E-1F773AB382A2}
		{78309A60-B537-47C8-91A8-69351159882F} = {35B306D0-10E5-433D-B71E-1F773AB382A2}
		{8DA31931-DABC-4FD5-BB01-3996E7FD5684} = {35B306D0-10E5-433D-B71E-1F773AB382A2}
		{1D30A3A2-F98E-4902-8B6E-5869D9CD1AB9} = {ED8B899C-FE6C-4090-AF75-5861685ACD32}
		{FB208181-2F9B-4FD0-B3ED-D4343F5722B9} = {ED8B899C-FE6C-4090-AF75-5861685ACD32}
		{85609C1B-6464-4BBC-B481-F7F0F758B703} = {ED8B899C-FE6C-4090-AF75-5861685ACD32}
		{9155257A-70D5-4549-95CE-40941E763243} = {EA6D17B8-75DD-4761-BAC7-850F43CC5CDA}
		{5B0D9659-F64F-4B33-8B53-57643CF738A7} = {EA6D17B8-75DD-4761-BAC7-850F43CC5CDA}
		{1458C943-4366-4448-B622-9E4E593F912A} = {EA6D17B8-75DD-4761-BAC7-850F43CC5CDA}
	EndGlobalSection
EndGlobal
