
Microsoft Visual Studio Solution File, Format Version 12.00
Project("{2150E333-8FDC-42A3-9474-1A3956D46DE8}") = "Documents", "Documents", "{C3E5A67E-88F7-4903-9A0D-AEFFAD41D29C}"
ProjectSection(SolutionItems) = preProject
	Design.md = Design.md
EndProjectSection
EndProject
Project("{2150E333-8FDC-42A3-9474-1A3956D46DE8}") = "Core", "Core", "{772B33EB-952A-405A-8649-9172F2BA0BF7}"
EndProject
Project("{2150E333-8FDC-42A3-9474-1A3956D46DE8}") = "Lighting", "Lighting", "{35B306D0-10E5-433D-B71E-1F773AB382A2}"
EndProject
Project("{2150E333-8FDC-42A3-9474-1A3956D46DE8}") = "Events", "Events", "{ED8B899C-FE6C-4090-AF75-5861685ACD32}"
EndProject
Project("{2150E333-8FDC-42A3-9474-1A3956D46DE8}") = "Devices", "Devices", "{EA6D17B8-75DD-4761-BAC7-850F43CC5CDA}"
EndProject
Project("{FAE04EC0-301F-11D3-BF4B-00C04F79EFBC}") = "CoreCommon", "Core\CoreCommon\src\CoreCommon.csproj", "{32BB54A4-D497-42B5-9361-16624A30EF21}"
EndProject
Project("{FAE04EC0-301F-11D3-BF4B-00C04F79EFBC}") = "CoreClient", "Core\CoreClient\src\CoreClient.csproj", "{B407A65B-0304-40DC-8292-8E193E47E86C}"
EndProject
Project("{FAE04EC0-301F-11D3-BF4B-00C04F79EFBC}") = "CoreServer", "Core\CoreServer\src\CoreServer.csproj", "{A5B8FF89-231E-445E-8997-5C6CFD1F1795}"
EndProject
Project("{FAE04EC0-301F-11D3-BF4B-00C04F79EFBC}") = "DevicesCommon", "Devices\DevicesCommon\src\DevicesCommon.csproj", "{9330D223-4ADB-4AE4-9327-1772F3A1C1B6}"
EndProject
Project("{FAE04EC0-301F-11D3-BF4B-00C04F79EFBC}") = "DevicesClient", "Devices\DevicesClient\src\DevicesClient.csproj", "{ABA78DD5-9BC6-4224-BD22-9B8350ADE09F}"
EndProject
Project("{FAE04EC0-301F-11D3-BF4B-00C04F79EFBC}") = "DevicesServer", "Devices\DevicesServer\src\DevicesServer.csproj", "{08D82F6D-A97A-4E6B-98B2-09AAA46ECB68}"
EndProject
Project("{FAE04EC0-301F-11D3-BF4B-00C04F79EFBC}") = "EventsCommon", "Events\EventsCommon\src\EventsCommon.csproj", "{BF6187DC-AA50-48D1-84F4-CDF89D62C4C1}"
EndProject
Project("{FAE04EC0-301F-11D3-BF4B-00C04F79EFBC}") = "EventsClient", "Events\EventsClient\src\EventsClient.csproj", "{C6AC7F22-C9F7-46B4-BE44-56A0EE1212A6}"
EndProject
Project("{FAE04EC0-301F-11D3-BF4B-00C04F79EFBC}") = "EventsServer", "Events\EventsServer\src\EventsServer.csproj", "{31A456AF-8167-49AB-941B-D8648AFDE177}"
EndProject
Project("{FAE04EC0-301F-11D3-BF4B-00C04F79EFBC}") = "LightsServer", "Lights\LightsServer\src\LightsServer.csproj", "{BB169967-4A1D-45AC-9B22-2512C223CC22}"
EndProject
Project("{FAE04EC0-301F-11D3-BF4B-00C04F79EFBC}") = "LightsClient", "Lights\LightsClient\src\LightsClient.csproj", "{3E69B201-6A06-49D1-A470-CEC0C4AEBB8F}"
EndProject
Project("{FAE04EC0-301F-11D3-BF4B-00C04F79EFBC}") = "LightsConsole", "Lights\LightsConsole\src\LightsConsole.csproj", "{A3A0E687-AE19-4468-9502-3EB3B754F295}"
EndProject
Project("{FAE04EC0-301F-11D3-BF4B-00C04F79EFBC}") = "LightsCommon", "Lights\LightsCommon\src\LightsCommon.csproj", "{7C817F73-CD45-475B-8556-74CFD6CF78EF}"
EndProject
Global
	GlobalSection(SolutionConfigurationPlatforms) = preSolution
		Debug|Any CPU = Debug|Any CPU
		Release|Any CPU = Release|Any CPU
	EndGlobalSection
	GlobalSection(ProjectConfigurationPlatforms) = postSolution
		{32BB54A4-D497-42B5-9361-16624A30EF21}.Debug|Any CPU.ActiveCfg = Debug|Any CPU
		{32BB54A4-D497-42B5-9361-16624A30EF21}.Debug|Any CPU.Build.0 = Debug|Any CPU
		{32BB54A4-D497-42B5-9361-16624A30EF21}.Release|Any CPU.ActiveCfg = Release|Any CPU
		{32BB54A4-D497-42B5-9361-16624A30EF21}.Release|Any CPU.Build.0 = Release|Any CPU
		{B407A65B-0304-40DC-8292-8E193E47E86C}.Debug|Any CPU.ActiveCfg = Debug|Any CPU
		{B407A65B-0304-40DC-8292-8E193E47E86C}.Debug|Any CPU.Build.0 = Debug|Any CPU
		{B407A65B-0304-40DC-8292-8E193E47E86C}.Release|Any CPU.ActiveCfg = Release|Any CPU
		{B407A65B-0304-40DC-8292-8E193E47E86C}.Release|Any CPU.Build.0 = Release|Any CPU
		{A5B8FF89-231E-445E-8997-5C6CFD1F1795}.Debug|Any CPU.ActiveCfg = Debug|Any CPU
		{A5B8FF89-231E-445E-8997-5C6CFD1F1795}.Debug|Any CPU.Build.0 = Debug|Any CPU
		{A5B8FF89-231E-445E-8997-5C6CFD1F1795}.Release|Any CPU.ActiveCfg = Release|Any CPU
		{A5B8FF89-231E-445E-8997-5C6CFD1F1795}.Release|Any CPU.Build.0 = Release|Any CPU
		{9330D223-4ADB-4AE4-9327-1772F3A1C1B6}.Debug|Any CPU.ActiveCfg = Debug|Any CPU
		{9330D223-4ADB-4AE4-9327-1772F3A1C1B6}.Debug|Any CPU.Build.0 = Debug|Any CPU
		{9330D223-4ADB-4AE4-9327-1772F3A1C1B6}.Release|Any CPU.ActiveCfg = Release|Any CPU
		{9330D223-4ADB-4AE4-9327-1772F3A1C1B6}.Release|Any CPU.Build.0 = Release|Any CPU
		{ABA78DD5-9BC6-4224-BD22-9B8350ADE09F}.Debug|Any CPU.ActiveCfg = Debug|Any CPU
		{ABA78DD5-9BC6-4224-BD22-9B8350ADE09F}.Debug|Any CPU.Build.0 = Debug|Any CPU
		{ABA78DD5-9BC6-4224-BD22-9B8350ADE09F}.Release|Any CPU.ActiveCfg = Release|Any CPU
		{ABA78DD5-9BC6-4224-BD22-9B8350ADE09F}.Release|Any CPU.Build.0 = Release|Any CPU
		{08D82F6D-A97A-4E6B-98B2-09AAA46ECB68}.Debug|Any CPU.ActiveCfg = Debug|Any CPU
		{08D82F6D-A97A-4E6B-98B2-09AAA46ECB68}.Debug|Any CPU.Build.0 = Debug|Any CPU
		{08D82F6D-A97A-4E6B-98B2-09AAA46ECB68}.Release|Any CPU.ActiveCfg = Release|Any CPU
		{08D82F6D-A97A-4E6B-98B2-09AAA46ECB68}.Release|Any CPU.Build.0 = Release|Any CPU
		{BF6187DC-AA50-48D1-84F4-CDF89D62C4C1}.Debug|Any CPU.ActiveCfg = Debug|Any CPU
		{BF6187DC-AA50-48D1-84F4-CDF89D62C4C1}.Debug|Any CPU.Build.0 = Debug|Any CPU
		{BF6187DC-AA50-48D1-84F4-CDF89D62C4C1}.Release|Any CPU.ActiveCfg = Release|Any CPU
		{BF6187DC-AA50-48D1-84F4-CDF89D62C4C1}.Release|Any CPU.Build.0 = Release|Any CPU
		{C6AC7F22-C9F7-46B4-BE44-56A0EE1212A6}.Debug|Any CPU.ActiveCfg = Debug|Any CPU
		{C6AC7F22-C9F7-46B4-BE44-56A0EE1212A6}.Debug|Any CPU.Build.0 = Debug|Any CPU
		{C6AC7F22-C9F7-46B4-BE44-56A0EE1212A6}.Release|Any CPU.ActiveCfg = Release|Any CPU
		{C6AC7F22-C9F7-46B4-BE44-56A0EE1212A6}.Release|Any CPU.Build.0 = Release|Any CPU
		{31A456AF-8167-49AB-941B-D8648AFDE177}.Debug|Any CPU.ActiveCfg = Debug|Any CPU
		{31A456AF-8167-49AB-941B-D8648AFDE177}.Debug|Any CPU.Build.0 = Debug|Any CPU
		{31A456AF-8167-49AB-941B-D8648AFDE177}.Release|Any CPU.ActiveCfg = Release|Any CPU
		{31A456AF-8167-49AB-941B-D8648AFDE177}.Release|Any CPU.Build.0 = Release|Any CPU
		{BB169967-4A1D-45AC-9B22-2512C223CC22}.Debug|Any CPU.ActiveCfg = Debug|Any CPU
		{BB169967-4A1D-45AC-9B22-2512C223CC22}.Debug|Any CPU.Build.0 = Debug|Any CPU
		{BB169967-4A1D-45AC-9B22-2512C223CC22}.Release|Any CPU.ActiveCfg = Release|Any CPU
		{BB169967-4A1D-45AC-9B22-2512C223CC22}.Release|Any CPU.Build.0 = Release|Any CPU
		{3E69B201-6A06-49D1-A470-CEC0C4AEBB8F}.Debug|Any CPU.ActiveCfg = Debug|Any CPU
		{3E69B201-6A06-49D1-A470-CEC0C4AEBB8F}.Debug|Any CPU.Build.0 = Debug|Any CPU
		{3E69B201-6A06-49D1-A470-CEC0C4AEBB8F}.Release|Any CPU.ActiveCfg = Release|Any CPU
		{3E69B201-6A06-49D1-A470-CEC0C4AEBB8F}.Release|Any CPU.Build.0 = Release|Any CPU
		{A3A0E687-AE19-4468-9502-3EB3B754F295}.Debug|Any CPU.ActiveCfg = Debug|Any CPU
		{A3A0E687-AE19-4468-9502-3EB3B754F295}.Debug|Any CPU.Build.0 = Debug|Any CPU
		{A3A0E687-AE19-4468-9502-3EB3B754F295}.Release|Any CPU.ActiveCfg = Release|Any CPU
		{A3A0E687-AE19-4468-9502-3EB3B754F295}.Release|Any CPU.Build.0 = Release|Any CPU
		{7C817F73-CD45-475B-8556-74CFD6CF78EF}.Debug|Any CPU.ActiveCfg = Debug|Any CPU
		{7C817F73-CD45-475B-8556-74CFD6CF78EF}.Debug|Any CPU.Build.0 = Debug|Any CPU
		{7C817F73-CD45-475B-8556-74CFD6CF78EF}.Release|Any CPU.ActiveCfg = Release|Any CPU
		{7C817F73-CD45-475B-8556-74CFD6CF78EF}.Release|Any CPU.Build.0 = Release|Any CPU
	EndGlobalSection
	GlobalSection(NestedProjects) = preSolution
		{32BB54A4-D497-42B5-9361-16624A30EF21} = {772B33EB-952A-405A-8649-9172F2BA0BF7}
		{B407A65B-0304-40DC-8292-8E193E47E86C} = {772B33EB-952A-405A-8649-9172F2BA0BF7}
		{A5B8FF89-231E-445E-8997-5C6CFD1F1795} = {772B33EB-952A-405A-8649-9172F2BA0BF7}
		{9330D223-4ADB-4AE4-9327-1772F3A1C1B6} = {EA6D17B8-75DD-4761-BAC7-850F43CC5CDA}
		{ABA78DD5-9BC6-4224-BD22-9B8350ADE09F} = {EA6D17B8-75DD-4761-BAC7-850F43CC5CDA}
		{08D82F6D-A97A-4E6B-98B2-09AAA46ECB68} = {EA6D17B8-75DD-4761-BAC7-850F43CC5CDA}
		{BF6187DC-AA50-48D1-84F4-CDF89D62C4C1} = {ED8B899C-FE6C-4090-AF75-5861685ACD32}
		{C6AC7F22-C9F7-46B4-BE44-56A0EE1212A6} = {ED8B899C-FE6C-4090-AF75-5861685ACD32}
		{31A456AF-8167-49AB-941B-D8648AFDE177} = {ED8B899C-FE6C-4090-AF75-5861685ACD32}
		{BB169967-4A1D-45AC-9B22-2512C223CC22} = {35B306D0-10E5-433D-B71E-1F773AB382A2}
		{3E69B201-6A06-49D1-A470-CEC0C4AEBB8F} = {35B306D0-10E5-433D-B71E-1F773AB382A2}
		{A3A0E687-AE19-4468-9502-3EB3B754F295} = {35B306D0-10E5-433D-B71E-1F773AB382A2}
		{7C817F73-CD45-475B-8556-74CFD6CF78EF} = {35B306D0-10E5-433D-B71E-1F773AB382A2}
	EndGlobalSection
EndGlobal
